
Microsoft Visual Studio Solution File, Format Version 12.00
# Visual Studio Version 17
VisualStudioVersion = 17.6.33723.286
MinimumVisualStudioVersion = 10.0.40219.1
Project("{9A19103F-16F7-4668-BE54-9A1E7A4F7556}") = "CurrencyToWordsApp", "CurrencyToWordsApp\CurrencyToWordsApp.csproj", "{B56EEFD8-E302-4D07-A013-3067445B4EB4}"
EndProject
Project("{9A19103F-16F7-4668-BE54-9A1E7A4F7556}") = "CurrencyToWordsApp.Service", "CurrencyToWordsApp.Service\CurrencyToWordsApp.Service.csproj", "{3FF00FEA-F668-4E39-9CA3-3F36EFB9F4FA}"
EndProject
Project("{9A19103F-16F7-4668-BE54-9A1E7A4F7556}") = "CurrencyToWordsApp.Infrastructure", "CurrencyToWordsApp.Infrastructure\CurrencyToWordsApp.Infrastructure.csproj", "{689EC362-8455-4B32-9D0C-A9C5ED2045DD}"
EndProject
Project("{FAE04EC0-301F-11D3-BF4B-00C04F79EFBC}") = "CurrencyToWordsApp.Service.Tests", "CurrencyToWordsApp.Service.Tests\CurrencyToWordsApp.Service.Tests.csproj", "{53F90D39-07CC-4111-9AB5-C3DAD7B746F3}"
EndProject
Global
	GlobalSection(SolutionConfigurationPlatforms) = preSolution
		Debug|Any CPU = Debug|Any CPU
		Release|Any CPU = Release|Any CPU
	EndGlobalSection
	GlobalSection(ProjectConfigurationPlatforms) = postSolution
		{B56EEFD8-E302-4D07-A013-3067445B4EB4}.Debug|Any CPU.ActiveCfg = Debug|Any CPU
		{B56EEFD8-E302-4D07-A013-3067445B4EB4}.Debug|Any CPU.Build.0 = Debug|Any CPU
		{B56EEFD8-E302-4D07-A013-3067445B4EB4}.Release|Any CPU.ActiveCfg = Release|Any CPU
		{B56EEFD8-E302-4D07-A013-3067445B4EB4}.Release|Any CPU.Build.0 = Release|Any CPU
		{3FF00FEA-F668-4E39-9CA3-3F36EFB9F4FA}.Debug|Any CPU.ActiveCfg = Debug|Any CPU
		{3FF00FEA-F668-4E39-9CA3-3F36EFB9F4FA}.Debug|Any CPU.Build.0 = Debug|Any CPU
		{3FF00FEA-F668-4E39-9CA3-3F36EFB9F4FA}.Release|Any CPU.ActiveCfg = Release|Any CPU
		{3FF00FEA-F668-4E39-9CA3-3F36EFB9F4FA}.Release|Any CPU.Build.0 = Release|Any CPU
		{689EC362-8455-4B32-9D0C-A9C5ED2045DD}.Debug|Any CPU.ActiveCfg = Debug|Any CPU
		{689EC362-8455-4B32-9D0C-A9C5ED2045DD}.Debug|Any CPU.Build.0 = Debug|Any CPU
		{689EC362-8455-4B32-9D0C-A9C5ED2045DD}.Release|Any CPU.ActiveCfg = Release|Any CPU
		{689EC362-8455-4B32-9D0C-A9C5ED2045DD}.Release|Any CPU.Build.0 = Release|Any CPU
		{53F90D39-07CC-4111-9AB5-C3DAD7B746F3}.Debug|Any CPU.ActiveCfg = Debug|Any CPU
		{53F90D39-07CC-4111-9AB5-C3DAD7B746F3}.Debug|Any CPU.Build.0 = Debug|Any CPU
		{53F90D39-07CC-4111-9AB5-C3DAD7B746F3}.Release|Any CPU.ActiveCfg = Release|Any CPU
		{53F90D39-07CC-4111-9AB5-C3DAD7B746F3}.Release|Any CPU.Build.0 = Release|Any CPU
	EndGlobalSection
	GlobalSection(SolutionProperties) = preSolution
		HideSolutionNode = FALSE
	EndGlobalSection
	GlobalSection(ExtensibilityGlobals) = postSolution
		SolutionGuid = {FC72350A-A793-4712-AA4D-D7E61AC175A8}
	EndGlobalSection
EndGlobal
